// !$*UTF8*$!
{
	archiveVersion = 1;
	classes = {
	};
	objectVersion = 46;
	objects = {

/* Begin PBXBuildFile section */
		006D720419952D00008149E2 /* AVFoundation.framework in Frameworks */ = {isa = PBXBuildFile; fileRef = 006D720219952D00008149E2 /* AVFoundation.framework */; };
		006D720519952D00008149E2 /* CoreMedia.framework in Frameworks */ = {isa = PBXBuildFile; fileRef = 006D720319952D00008149E2 /* CoreMedia.framework */; };
		0091D8F90E81B9330029341E /* OpenGL.framework in Frameworks */ = {isa = PBXBuildFile; fileRef = 0091D8F80E81B9330029341E /* OpenGL.framework */; };
		00B784B30FF439BC000DE1D7 /* Accelerate.framework in Frameworks */ = {isa = PBXBuildFile; fileRef = 00B784AF0FF439BC000DE1D7 /* Accelerate.framework */; };
		00B784B40FF439BC000DE1D7 /* AudioToolbox.framework in Frameworks */ = {isa = PBXBuildFile; fileRef = 00B784B00FF439BC000DE1D7 /* AudioToolbox.framework */; };
		00B784B50FF439BC000DE1D7 /* AudioUnit.framework in Frameworks */ = {isa = PBXBuildFile; fileRef = 00B784B10FF439BC000DE1D7 /* AudioUnit.framework */; };
		00B784B60FF439BC000DE1D7 /* CoreAudio.framework in Frameworks */ = {isa = PBXBuildFile; fileRef = 00B784B20FF439BC000DE1D7 /* CoreAudio.framework */; };
		00B9955A1B128DF400A5C623 /* IOKit.framework in Frameworks */ = {isa = PBXBuildFile; fileRef = 00B995581B128DF400A5C623 /* IOKit.framework */; };
		00B9955B1B128DF400A5C623 /* IOSurface.framework in Frameworks */ = {isa = PBXBuildFile; fileRef = 00B995591B128DF400A5C623 /* IOSurface.framework */; };
		0205F09CFB1E485C8FB5EABE /* tinyxmlerror.cpp in Sources */ = {isa = PBXBuildFile; fileRef = 31F93B81B29844D197124959 /* tinyxmlerror.cpp */; };
		1E58057A3DA249249A270E2B /* ofxRemoteUI.cpp in Sources */ = {isa = PBXBuildFile; fileRef = 4574FEC58B0D462BBB1F15C5 /* ofxRemoteUI.cpp */; };
		255B3D191C4E3B0C001194CE /* ofxCinderOSC.cpp in Sources */ = {isa = PBXBuildFile; fileRef = 255B3D171C4E3B0C001194CE /* ofxCinderOSC.cpp */; };
		25B07F881DBE9D93004DE199 /* Osc.cpp in Sources */ = {isa = PBXBuildFile; fileRef = 25B07F861DBE9D93004DE199 /* Osc.cpp */; };
		2EB7F8BA97C645169B2903FE /* ofxRemoteUIServer.cpp in Sources */ = {isa = PBXBuildFile; fileRef = 6868A517655C419DBB0F67B3 /* ofxRemoteUIServer.cpp */; };
		33E4ED7952CF487CA73A178C /* tinyxmlparser.cpp in Sources */ = {isa = PBXBuildFile; fileRef = 8BA70DBAD02142B4BA4C14BD /* tinyxmlparser.cpp */; };
		4C0962E7DB3F463298B7979E /* ofxXmlSettings.cpp in Sources */ = {isa = PBXBuildFile; fileRef = D1054124D20B4462A9302833 /* ofxXmlSettings.cpp */; };
		5323E6B20EAFCA74003A9687 /* CoreVideo.framework in Frameworks */ = {isa = PBXBuildFile; fileRef = 5323E6B10EAFCA74003A9687 /* CoreVideo.framework */; };
		6EDCD080932D49648EB6D345 /* tinyxml.cpp in Sources */ = {isa = PBXBuildFile; fileRef = 4579D965F88B46638F8D2AF6 /* tinyxml.cpp */; };
		6F899F933E674BDFAF68534C /* RemoteUIBasicApp.cpp in Sources */ = {isa = PBXBuildFile; fileRef = 32BAF70479D34E71BF9A7675 /* RemoteUIBasicApp.cpp */; };
		8D11072F0486CEB800E47090 /* Cocoa.framework in Frameworks */ = {isa = PBXBuildFile; fileRef = 1058C7A1FEA54F0111CA2CBB /* Cocoa.framework */; };
		A56A87409E714B6C858496BF /* uriencode.cpp in Sources */ = {isa = PBXBuildFile; fileRef = 8120232146FB4902BC5D4207 /* uriencode.cpp */; };
		B47EC349BD3041D8A6F7427A /* ofStolenUtils.cpp in Sources */ = {isa = PBXBuildFile; fileRef = 8A20870FE6454AD3BAF08013 /* ofStolenUtils.cpp */; };
		D06A57547BD449748F5F2F66 /* CinderApp.icns in Resources */ = {isa = PBXBuildFile; fileRef = A41D2FFC9F9B4B778FB09461 /* CinderApp.icns */; };
/* End PBXBuildFile section */

/* Begin PBXFileReference section */
		006D720219952D00008149E2 /* AVFoundation.framework */ = {isa = PBXFileReference; lastKnownFileType = wrapper.framework; name = AVFoundation.framework; path = System/Library/Frameworks/AVFoundation.framework; sourceTree = SDKROOT; };
		006D720319952D00008149E2 /* CoreMedia.framework */ = {isa = PBXFileReference; lastKnownFileType = wrapper.framework; name = CoreMedia.framework; path = System/Library/Frameworks/CoreMedia.framework; sourceTree = SDKROOT; };
		0091D8F80E81B9330029341E /* OpenGL.framework */ = {isa = PBXFileReference; lastKnownFileType = wrapper.framework; name = OpenGL.framework; path = /System/Library/Frameworks/OpenGL.framework; sourceTree = "<absolute>"; };
		00B784AF0FF439BC000DE1D7 /* Accelerate.framework */ = {isa = PBXFileReference; lastKnownFileType = wrapper.framework; name = Accelerate.framework; path = System/Library/Frameworks/Accelerate.framework; sourceTree = SDKROOT; };
		00B784B00FF439BC000DE1D7 /* AudioToolbox.framework */ = {isa = PBXFileReference; lastKnownFileType = wrapper.framework; name = AudioToolbox.framework; path = System/Library/Frameworks/AudioToolbox.framework; sourceTree = SDKROOT; };
		00B784B10FF439BC000DE1D7 /* AudioUnit.framework */ = {isa = PBXFileReference; lastKnownFileType = wrapper.framework; name = AudioUnit.framework; path = System/Library/Frameworks/AudioUnit.framework; sourceTree = SDKROOT; };
		00B784B20FF439BC000DE1D7 /* CoreAudio.framework */ = {isa = PBXFileReference; lastKnownFileType = wrapper.framework; name = CoreAudio.framework; path = System/Library/Frameworks/CoreAudio.framework; sourceTree = SDKROOT; };
		00B995581B128DF400A5C623 /* IOKit.framework */ = {isa = PBXFileReference; lastKnownFileType = wrapper.framework; name = IOKit.framework; path = System/Library/Frameworks/IOKit.framework; sourceTree = SDKROOT; };
		00B995591B128DF400A5C623 /* IOSurface.framework */ = {isa = PBXFileReference; lastKnownFileType = wrapper.framework; name = IOSurface.framework; path = System/Library/Frameworks/IOSurface.framework; sourceTree = SDKROOT; };
		029AF541284F4D6BAA647ED8 /* RemoteParam.h */ = {isa = PBXFileReference; lastKnownFileType = sourcecode.c.h; path = RemoteParam.h; sourceTree = "<group>"; };
		02A09DBD749C4918AF2F906B /* ofxRemoteUIServerMacros.h */ = {isa = PBXFileReference; lastKnownFileType = sourcecode.c.h; path = ofxRemoteUIServerMacros.h; sourceTree = "<group>"; };
		0C4CA98B3770405C83E590E8 /* ofxRemoteUI.h */ = {isa = PBXFileReference; lastKnownFileType = sourcecode.c.h; path = ofxRemoteUI.h; sourceTree = "<group>"; };
		1058C7A1FEA54F0111CA2CBB /* Cocoa.framework */ = {isa = PBXFileReference; lastKnownFileType = wrapper.framework; name = Cocoa.framework; path = /System/Library/Frameworks/Cocoa.framework; sourceTree = "<absolute>"; };
		255B3D171C4E3B0C001194CE /* ofxCinderOSC.cpp */ = {isa = PBXFileReference; fileEncoding = 4; lastKnownFileType = sourcecode.cpp.cpp; name = ofxCinderOSC.cpp; path = ../../../src/ofxRemoteUI/src/ofxCinderOSC.cpp; sourceTree = "<group>"; };
		255B3D181C4E3B0C001194CE /* ofxCinderOSC.h */ = {isa = PBXFileReference; fileEncoding = 4; lastKnownFileType = sourcecode.c.h; name = ofxCinderOSC.h; path = ../../../src/ofxRemoteUI/src/ofxCinderOSC.h; sourceTree = "<group>"; };
		25B07F861DBE9D93004DE199 /* Osc.cpp */ = {isa = PBXFileReference; fileEncoding = 4; lastKnownFileType = sourcecode.cpp.cpp; path = Osc.cpp; sourceTree = "<group>"; };
		25B07F871DBE9D93004DE199 /* Osc.h */ = {isa = PBXFileReference; fileEncoding = 4; lastKnownFileType = sourcecode.c.h; path = Osc.h; sourceTree = "<group>"; };
		29B97324FDCFA39411CA2CEA /* AppKit.framework */ = {isa = PBXFileReference; lastKnownFileType = wrapper.framework; name = AppKit.framework; path = /System/Library/Frameworks/AppKit.framework; sourceTree = "<absolute>"; };
		29B97325FDCFA39411CA2CEA /* Foundation.framework */ = {isa = PBXFileReference; lastKnownFileType = wrapper.framework; name = Foundation.framework; path = /System/Library/Frameworks/Foundation.framework; sourceTree = "<absolute>"; };
		31F93B81B29844D197124959 /* tinyxmlerror.cpp */ = {isa = PBXFileReference; lastKnownFileType = sourcecode.cpp.cpp; name = tinyxmlerror.cpp; path = noOFLibs/ofxXmlSettings/libs/tinyxmlerror.cpp; sourceTree = "<group>"; };
		32BAF70479D34E71BF9A7675 /* RemoteUIBasicApp.cpp */ = {isa = PBXFileReference; lastKnownFileType = sourcecode.c.cpp; name = RemoteUIBasicApp.cpp; path = ../src/RemoteUIBasicApp.cpp; sourceTree = "<group>"; };
		3FCCB3895ECB42089A929A71 /* Resources.h */ = {isa = PBXFileReference; lastKnownFileType = sourcecode.c.h; name = Resources.h; path = ../include/Resources.h; sourceTree = "<group>"; };
		4565AEAC79524F3E988576EA /* ofStolenUtils.h */ = {isa = PBXFileReference; lastKnownFileType = sourcecode.c.h; name = ofStolenUtils.h; path = noOFLibs/ofStolenUtils.h; sourceTree = "<group>"; };
		4574FEC58B0D462BBB1F15C5 /* ofxRemoteUI.cpp */ = {isa = PBXFileReference; lastKnownFileType = sourcecode.cpp.cpp; path = ofxRemoteUI.cpp; sourceTree = "<group>"; };
		4579D965F88B46638F8D2AF6 /* tinyxml.cpp */ = {isa = PBXFileReference; lastKnownFileType = sourcecode.cpp.cpp; name = tinyxml.cpp; path = noOFLibs/ofxXmlSettings/libs/tinyxml.cpp; sourceTree = "<group>"; };
		5323E6B10EAFCA74003A9687 /* CoreVideo.framework */ = {isa = PBXFileReference; lastKnownFileType = wrapper.framework; name = CoreVideo.framework; path = /System/Library/Frameworks/CoreVideo.framework; sourceTree = "<absolute>"; };
		5A910A758C6C4E6FA735CE7E /* RemoteUIBasic_Prefix.pch */ = {isa = PBXFileReference; lastKnownFileType = "\"\""; path = RemoteUIBasic_Prefix.pch; sourceTree = "<group>"; };
		66C98BE9809A48A5AE27C286 /* Info.plist */ = {isa = PBXFileReference; lastKnownFileType = text.plist.xml; path = Info.plist; sourceTree = "<group>"; };
		6868A517655C419DBB0F67B3 /* ofxRemoteUIServer.cpp */ = {isa = PBXFileReference; lastKnownFileType = sourcecode.cpp.cpp; path = ofxRemoteUIServer.cpp; sourceTree = "<group>"; };
		793EE51B70B64394BD563A09 /* uriencode.h */ = {isa = PBXFileReference; lastKnownFileType = sourcecode.c.h; path = uriencode.h; sourceTree = "<group>"; };
		8120232146FB4902BC5D4207 /* uriencode.cpp */ = {isa = PBXFileReference; lastKnownFileType = sourcecode.cpp.cpp; path = uriencode.cpp; sourceTree = "<group>"; };
		8A20870FE6454AD3BAF08013 /* ofStolenUtils.cpp */ = {isa = PBXFileReference; lastKnownFileType = sourcecode.cpp.cpp; name = ofStolenUtils.cpp; path = noOFLibs/ofStolenUtils.cpp; sourceTree = "<group>"; };
		8BA70DBAD02142B4BA4C14BD /* tinyxmlparser.cpp */ = {isa = PBXFileReference; lastKnownFileType = sourcecode.cpp.cpp; name = tinyxmlparser.cpp; path = noOFLibs/ofxXmlSettings/libs/tinyxmlparser.cpp; sourceTree = "<group>"; };
		8D1107320486CEB800E47090 /* RemoteUIBasic.app */ = {isa = PBXFileReference; explicitFileType = wrapper.application; includeInIndex = 0; path = RemoteUIBasic.app; sourceTree = BUILT_PRODUCTS_DIR; };
		A41D2FFC9F9B4B778FB09461 /* CinderApp.icns */ = {isa = PBXFileReference; lastKnownFileType = image.icns; name = CinderApp.icns; path = ../resources/CinderApp.icns; sourceTree = "<group>"; };
		A71700CF5F5D4D8D9EADF077 /* ofxRemoteUIServer.h */ = {isa = PBXFileReference; lastKnownFileType = sourcecode.c.h; path = ofxRemoteUIServer.h; sourceTree = "<group>"; };
		BCAE01A3E6AA4DE594C53124 /* ofxRemoteUIServerMacros.h */ = {isa = PBXFileReference; lastKnownFileType = sourcecode.c.h; path = ofxRemoteUIServerMacros.h; sourceTree = "<group>"; };
		D1054124D20B4462A9302833 /* ofxXmlSettings.cpp */ = {isa = PBXFileReference; lastKnownFileType = sourcecode.cpp.cpp; name = ofxXmlSettings.cpp; path = noOFLibs/ofxXmlSettings/src/ofxXmlSettings.cpp; sourceTree = "<group>"; };
		EBFE32F99229439C83966936 /* ofxXmlSettings.h */ = {isa = PBXFileReference; lastKnownFileType = sourcecode.c.h; name = ofxXmlSettings.h; path = noOFLibs/ofxXmlSettings/src/ofxXmlSettings.h; sourceTree = "<group>"; };
		F5C088045C5A493295C6BF0D /* tinyxml.h */ = {isa = PBXFileReference; lastKnownFileType = sourcecode.c.h; name = tinyxml.h; path = noOFLibs/ofxXmlSettings/libs/tinyxml.h; sourceTree = "<group>"; };
/* End PBXFileReference section */

/* Begin PBXFrameworksBuildPhase section */
		8D11072E0486CEB800E47090 /* Frameworks */ = {
			isa = PBXFrameworksBuildPhase;
			buildActionMask = 2147483647;
			files = (
				006D720419952D00008149E2 /* AVFoundation.framework in Frameworks */,
				006D720519952D00008149E2 /* CoreMedia.framework in Frameworks */,
				8D11072F0486CEB800E47090 /* Cocoa.framework in Frameworks */,
				0091D8F90E81B9330029341E /* OpenGL.framework in Frameworks */,
				5323E6B20EAFCA74003A9687 /* CoreVideo.framework in Frameworks */,
				00B784B30FF439BC000DE1D7 /* Accelerate.framework in Frameworks */,
				00B784B40FF439BC000DE1D7 /* AudioToolbox.framework in Frameworks */,
				00B784B50FF439BC000DE1D7 /* AudioUnit.framework in Frameworks */,
				00B784B60FF439BC000DE1D7 /* CoreAudio.framework in Frameworks */,
				00B9955A1B128DF400A5C623 /* IOKit.framework in Frameworks */,
				00B9955B1B128DF400A5C623 /* IOSurface.framework in Frameworks */,
			);
			runOnlyForDeploymentPostprocessing = 0;
		};
/* End PBXFrameworksBuildPhase section */

/* Begin PBXGroup section */
		01B97315FEAEA392516A2CEA /* Blocks */ = {
			isa = PBXGroup;
			children = (
				BE3451678F60412FB1D12B84 /* OSC */,
				84150641B62243B997DBF208 /* RemoteUI */,
			);
			name = Blocks;
			sourceTree = "<group>";
		};
		080E96DDFE201D6D7F000001 /* Source */ = {
			isa = PBXGroup;
			children = (
				32BAF70479D34E71BF9A7675 /* RemoteUIBasicApp.cpp */,
			);
			name = Source;
			sourceTree = "<group>";
		};
		1058C7A0FEA54F0111CA2CBB /* Linked Frameworks */ = {
			isa = PBXGroup;
			children = (
				006D720219952D00008149E2 /* AVFoundation.framework */,
				006D720319952D00008149E2 /* CoreMedia.framework */,
				00B784AF0FF439BC000DE1D7 /* Accelerate.framework */,
				00B784B00FF439BC000DE1D7 /* AudioToolbox.framework */,
				00B784B10FF439BC000DE1D7 /* AudioUnit.framework */,
				00B784B20FF439BC000DE1D7 /* CoreAudio.framework */,
				5323E6B10EAFCA74003A9687 /* CoreVideo.framework */,
				0091D8F80E81B9330029341E /* OpenGL.framework */,
				1058C7A1FEA54F0111CA2CBB /* Cocoa.framework */,
				00B995581B128DF400A5C623 /* IOKit.framework */,
				00B995591B128DF400A5C623 /* IOSurface.framework */,
			);
			name = "Linked Frameworks";
			sourceTree = "<group>";
		};
		1058C7A2FEA54F0111CA2CBB /* Other Frameworks */ = {
			isa = PBXGroup;
			children = (
				29B97324FDCFA39411CA2CEA /* AppKit.framework */,
				29B97325FDCFA39411CA2CEA /* Foundation.framework */,
			);
			name = "Other Frameworks";
			sourceTree = "<group>";
		};
		19C28FACFE9D520D11CA2CBB /* Products */ = {
			isa = PBXGroup;
			children = (
				8D1107320486CEB800E47090 /* RemoteUIBasic.app */,
			);
			name = Products;
			sourceTree = "<group>";
		};
		1DE03803FCC14DBDBF7E0EC8 /* noOFLibs */ = {
			isa = PBXGroup;
			children = (
				CD60AD5826714FECB1EB3133 /* ofxXmlSettings */,
				4565AEAC79524F3E988576EA /* ofStolenUtils.h */,
				8A20870FE6454AD3BAF08013 /* ofStolenUtils.cpp */,
			);
			name = noOFLibs;
			sourceTree = "<group>";
		};
		25B07F831DBE9D93004DE199 /* src */ = {
			isa = PBXGroup;
			children = (
				25B07F841DBE9D93004DE199 /* cinder */,
			);
			name = src;
			path = ../../../../OSC/src;
			sourceTree = "<group>";
		};
		25B07F841DBE9D93004DE199 /* cinder */ = {
			isa = PBXGroup;
			children = (
				25B07F851DBE9D93004DE199 /* osc */,
			);
			path = cinder;
			sourceTree = "<group>";
		};
		25B07F851DBE9D93004DE199 /* osc */ = {
			isa = PBXGroup;
			children = (
				25B07F861DBE9D93004DE199 /* Osc.cpp */,
				25B07F871DBE9D93004DE199 /* Osc.h */,
			);
			path = osc;
			sourceTree = "<group>";
		};
		29B97314FDCFA39411CA2CEA /* RemoteUIBasic */ = {
			isa = PBXGroup;
			children = (
				01B97315FEAEA392516A2CEA /* Blocks */,
				29B97315FDCFA39411CA2CEA /* Headers */,
				080E96DDFE201D6D7F000001 /* Source */,
				29B97317FDCFA39411CA2CEA /* Resources */,
				29B97323FDCFA39411CA2CEA /* Frameworks */,
				19C28FACFE9D520D11CA2CBB /* Products */,
			);
			name = RemoteUIBasic;
			sourceTree = "<group>";
		};
		29B97315FDCFA39411CA2CEA /* Headers */ = {
			isa = PBXGroup;
			children = (
				3FCCB3895ECB42089A929A71 /* Resources.h */,
				5A910A758C6C4E6FA735CE7E /* RemoteUIBasic_Prefix.pch */,
			);
			name = Headers;
			sourceTree = "<group>";
		};
		29B97317FDCFA39411CA2CEA /* Resources */ = {
			isa = PBXGroup;
			children = (
				A41D2FFC9F9B4B778FB09461 /* CinderApp.icns */,
				66C98BE9809A48A5AE27C286 /* Info.plist */,
			);
			name = Resources;
			sourceTree = "<group>";
		};
		29B97323FDCFA39411CA2CEA /* Frameworks */ = {
			isa = PBXGroup;
			children = (
				1058C7A0FEA54F0111CA2CBB /* Linked Frameworks */,
				1058C7A2FEA54F0111CA2CBB /* Other Frameworks */,
			);
			name = Frameworks;
			sourceTree = "<group>";
		};
		2F095D853BF744F1B86BFABF /* src */ = {
			isa = PBXGroup;
			children = (
				BEADBD2BDA994900A2DE80F4 /* ofxRemoteUI */,
			);
			name = src;
			sourceTree = "<group>";
		};
		39071531D64441BCAA238C64 /* libs */ = {
			isa = PBXGroup;
			children = (
				F5C088045C5A493295C6BF0D /* tinyxml.h */,
				4579D965F88B46638F8D2AF6 /* tinyxml.cpp */,
				31F93B81B29844D197124959 /* tinyxmlerror.cpp */,
				8BA70DBAD02142B4BA4C14BD /* tinyxmlparser.cpp */,
			);
			name = libs;
			sourceTree = "<group>";
		};
		42A12FC4D2F04D33B2F241F8 /* src */ = {
			isa = PBXGroup;
			children = (
				EBFE32F99229439C83966936 /* ofxXmlSettings.h */,
				D1054124D20B4462A9302833 /* ofxXmlSettings.cpp */,
			);
			name = src;
			sourceTree = "<group>";
		};
		84150641B62243B997DBF208 /* RemoteUI */ = {
			isa = PBXGroup;
			children = (
				2F095D853BF744F1B86BFABF /* src */,
			);
			name = RemoteUI;
			sourceTree = "<group>";
		};
		BE3451678F60412FB1D12B84 /* OSC */ = {
			isa = PBXGroup;
			children = (
				25B07F831DBE9D93004DE199 /* src */,
			);
			name = OSC;
			sourceTree = "<group>";
		};
		BEADBD2BDA994900A2DE80F4 /* ofxRemoteUI */ = {
			isa = PBXGroup;
			children = (
				C7946EDC673C4116A304C743 /* src */,
				1DE03803FCC14DBDBF7E0EC8 /* noOFLibs */,
			);
			name = ofxRemoteUI;
			path = ../../../src/ofxRemoteUI;
			sourceTree = "<group>";
		};
		C7946EDC673C4116A304C743 /* src */ = {
			isa = PBXGroup;
			children = (
				255B3D171C4E3B0C001194CE /* ofxCinderOSC.cpp */,
				255B3D181C4E3B0C001194CE /* ofxCinderOSC.h */,
				0C4CA98B3770405C83E590E8 /* ofxRemoteUI.h */,
				4574FEC58B0D462BBB1F15C5 /* ofxRemoteUI.cpp */,
				A71700CF5F5D4D8D9EADF077 /* ofxRemoteUIServer.h */,
				6868A517655C419DBB0F67B3 /* ofxRemoteUIServer.cpp */,
				793EE51B70B64394BD563A09 /* uriencode.h */,
				8120232146FB4902BC5D4207 /* uriencode.cpp */,
				BCAE01A3E6AA4DE594C53124 /* ofxRemoteUIServerMacros.h */,
				029AF541284F4D6BAA647ED8 /* RemoteParam.h */,
				02A09DBD749C4918AF2F906B /* ofxRemoteUIServerMacros.h */,
			);
			path = src;
			sourceTree = "<group>";
		};
		CD60AD5826714FECB1EB3133 /* ofxXmlSettings */ = {
			isa = PBXGroup;
			children = (
				42A12FC4D2F04D33B2F241F8 /* src */,
				39071531D64441BCAA238C64 /* libs */,
			);
			name = ofxXmlSettings;
			sourceTree = "<group>";
		};
/* End PBXGroup section */

/* Begin PBXNativeTarget section */
		8D1107260486CEB800E47090 /* RemoteUIBasic */ = {
			isa = PBXNativeTarget;
			buildConfigurationList = C01FCF4A08A954540054247B /* Build configuration list for PBXNativeTarget "RemoteUIBasic" */;
			buildPhases = (
				8D1107290486CEB800E47090 /* Resources */,
				8D11072C0486CEB800E47090 /* Sources */,
				8D11072E0486CEB800E47090 /* Frameworks */,
			);
			buildRules = (
			);
			dependencies = (
			);
			name = RemoteUIBasic;
			productInstallPath = "$(HOME)/Applications";
			productName = RemoteUIBasic;
			productReference = 8D1107320486CEB800E47090 /* RemoteUIBasic.app */;
			productType = "com.apple.product-type.application";
		};
/* End PBXNativeTarget section */

/* Begin PBXProject section */
		29B97313FDCFA39411CA2CEA /* Project object */ = {
			isa = PBXProject;
			attributes = {
			};
			buildConfigurationList = C01FCF4E08A954540054247B /* Build configuration list for PBXProject "RemoteUIBasic" */;
			compatibilityVersion = "Xcode 3.2";
			developmentRegion = English;
			hasScannedForEncodings = 1;
			knownRegions = (
				English,
				Japanese,
				French,
				German,
			);
			mainGroup = 29B97314FDCFA39411CA2CEA /* RemoteUIBasic */;
			projectDirPath = "";
			projectRoot = "";
			targets = (
				8D1107260486CEB800E47090 /* RemoteUIBasic */,
			);
		};
/* End PBXProject section */

/* Begin PBXResourcesBuildPhase section */
		8D1107290486CEB800E47090 /* Resources */ = {
			isa = PBXResourcesBuildPhase;
			buildActionMask = 2147483647;
			files = (
				D06A57547BD449748F5F2F66 /* CinderApp.icns in Resources */,
			);
			runOnlyForDeploymentPostprocessing = 0;
		};
/* End PBXResourcesBuildPhase section */

/* Begin PBXSourcesBuildPhase section */
		8D11072C0486CEB800E47090 /* Sources */ = {
			isa = PBXSourcesBuildPhase;
			buildActionMask = 2147483647;
			files = (
				25B07F881DBE9D93004DE199 /* Osc.cpp in Sources */,
				6F899F933E674BDFAF68534C /* RemoteUIBasicApp.cpp in Sources */,
				1E58057A3DA249249A270E2B /* ofxRemoteUI.cpp in Sources */,
				2EB7F8BA97C645169B2903FE /* ofxRemoteUIServer.cpp in Sources */,
				255B3D191C4E3B0C001194CE /* ofxCinderOSC.cpp in Sources */,
				A56A87409E714B6C858496BF /* uriencode.cpp in Sources */,
				4C0962E7DB3F463298B7979E /* ofxXmlSettings.cpp in Sources */,
				6EDCD080932D49648EB6D345 /* tinyxml.cpp in Sources */,
				0205F09CFB1E485C8FB5EABE /* tinyxmlerror.cpp in Sources */,
				33E4ED7952CF487CA73A178C /* tinyxmlparser.cpp in Sources */,
				B47EC349BD3041D8A6F7427A /* ofStolenUtils.cpp in Sources */,
			);
			runOnlyForDeploymentPostprocessing = 0;
		};
/* End PBXSourcesBuildPhase section */

/* Begin XCBuildConfiguration section */
		C01FCF4B08A954540054247B /* Debug */ = {
			isa = XCBuildConfiguration;
			buildSettings = {
				COMBINE_HIDPI_IMAGES = YES;
				COPY_PHASE_STRIP = NO;
				DEAD_CODE_STRIPPING = YES;
				GCC_DYNAMIC_NO_PIC = NO;
				GCC_INLINES_ARE_PRIVATE_EXTERN = YES;
				GCC_OPTIMIZATION_LEVEL = 0;
				GCC_PRECOMPILE_PREFIX_HEADER = YES;
				GCC_PREFIX_HEADER = RemoteUIBasic_Prefix.pch;
				GCC_PREPROCESSOR_DEFINITIONS = (
					"DEBUG=1",
					"$(inherited)",
				);
				GCC_SYMBOLS_PRIVATE_EXTERN = NO;
				INFOPLIST_FILE = Info.plist;
				INSTALL_PATH = "$(HOME)/Applications";
				OTHER_LDFLAGS = "\"$(CINDER_PATH)/lib/libcinder_d.a\"";
				PRODUCT_BUNDLE_IDENTIFIER = "org.libcinder.${PRODUCT_NAME:rfc1034identifier}";
				PRODUCT_NAME = RemoteUIBasic;
				SYMROOT = ./build;
				WRAPPER_EXTENSION = app;
			};
			name = Debug;
		};
		C01FCF4C08A954540054247B /* Release */ = {
			isa = XCBuildConfiguration;
			buildSettings = {
				COMBINE_HIDPI_IMAGES = YES;
				DEAD_CODE_STRIPPING = YES;
				DEBUG_INFORMATION_FORMAT = "dwarf-with-dsym";
				GCC_FAST_MATH = YES;
				GCC_GENERATE_DEBUGGING_SYMBOLS = NO;
				GCC_INLINES_ARE_PRIVATE_EXTERN = YES;
				GCC_OPTIMIZATION_LEVEL = 3;
				GCC_PRECOMPILE_PREFIX_HEADER = YES;
				GCC_PREFIX_HEADER = RemoteUIBasic_Prefix.pch;
				GCC_PREPROCESSOR_DEFINITIONS = (
					"NDEBUG=1",
					"$(inherited)",
				);
				GCC_SYMBOLS_PRIVATE_EXTERN = NO;
				INFOPLIST_FILE = Info.plist;
				INSTALL_PATH = "$(HOME)/Applications";
				OTHER_LDFLAGS = "\"$(CINDER_PATH)/lib/libcinder.a\"";
				PRODUCT_BUNDLE_IDENTIFIER = "org.libcinder.${PRODUCT_NAME:rfc1034identifier}";
				PRODUCT_NAME = RemoteUIBasic;
				STRIP_INSTALLED_PRODUCT = YES;
				SYMROOT = ./build;
				WRAPPER_EXTENSION = app;
			};
			name = Release;
		};
		C01FCF4F08A954540054247B /* Debug */ = {
			isa = XCBuildConfiguration;
			buildSettings = {
				ALWAYS_SEARCH_USER_PATHS = NO;
				CINDER_PATH = ../../../../../;
				CLANG_CXX_LANGUAGE_STANDARD = "c++11";
				CLANG_CXX_LIBRARY = "libc++";
				ENABLE_TESTABILITY = YES;
				GCC_WARN_ABOUT_RETURN_TYPE = YES;
				GCC_WARN_UNUSED_VARIABLE = YES;
				HEADER_SEARCH_PATHS = "\"$(CINDER_PATH)/include\"";
				MACOSX_DEPLOYMENT_TARGET = 10.8;
				ONLY_ACTIVE_ARCH = YES;
				SDKROOT = macosx;
				USER_HEADER_SEARCH_PATHS = "\"$(CINDER_PATH)/include\" ../include ../../../../../Cinder/blocks/OSC/src";
			};
			name = Debug;
		};
		C01FCF5008A954540054247B /* Release */ = {
			isa = XCBuildConfiguration;
			buildSettings = {
				ALWAYS_SEARCH_USER_PATHS = NO;
				CINDER_PATH = ../../../../../;
				CLANG_CXX_LANGUAGE_STANDARD = "c++11";
				CLANG_CXX_LIBRARY = "libc++";
				GCC_WARN_ABOUT_RETURN_TYPE = YES;
				GCC_WARN_UNUSED_VARIABLE = YES;
				HEADER_SEARCH_PATHS = "\"$(CINDER_PATH)/include\"";
				MACOSX_DEPLOYMENT_TARGET = 10.8;
				SDKROOT = macosx;
				USER_HEADER_SEARCH_PATHS = "\"$(CINDER_PATH)/include\" ../include ../../../../../Cinder/blocks/OSC/src";
			};
			name = Release;
		};
/* End XCBuildConfiguration section */

/* Begin XCConfigurationList section */
		C01FCF4A08A954540054247B /* Build configuration list for PBXNativeTarget "RemoteUIBasic" */ = {
			isa = XCConfigurationList;
			buildConfigurations = (
				C01FCF4B08A954540054247B /* Debug */,
				C01FCF4C08A954540054247B /* Release */,
			);
			defaultConfigurationIsVisible = 0;
			defaultConfigurationName = Release;
		};
		C01FCF4E08A954540054247B /* Build configuration list for PBXProject "RemoteUIBasic" */ = {
			isa = XCConfigurationList;
			buildConfigurations = (
				C01FCF4F08A954540054247B /* Debug */,
				C01FCF5008A954540054247B /* Release */,
			);
			defaultConfigurationIsVisible = 0;
			defaultConfigurationName = Release;
		};
/* End XCConfigurationList section */
	};
	rootObject = 29B97313FDCFA39411CA2CEA /* Project object */;
}
